// !$*UTF8*$!
{
	archiveVersion = 1;
	classes = {
	};
	objectVersion = 55;
	objects = {

/* Begin PBXBuildFile section */
		21A4323683FB78111B55FD7E /* Pods_fibonacci_APP.framework in Frameworks */ = {isa = PBXBuildFile; fileRef = A3014D95E1B44916146994E8 /* Pods_fibonacci_APP.framework */; };
		EF24F9D72865DF5D003A8A00 /* AppDelegate.swift in Sources */ = {isa = PBXBuildFile; fileRef = EF24F9D62865DF5D003A8A00 /* AppDelegate.swift */; };
		EF24F9D92865DF5D003A8A00 /* SceneDelegate.swift in Sources */ = {isa = PBXBuildFile; fileRef = EF24F9D82865DF5D003A8A00 /* SceneDelegate.swift */; };
		EF24F9DB2865DF5D003A8A00 /* Start_Ficonancci.swift in Sources */ = {isa = PBXBuildFile; fileRef = EF24F9DA2865DF5D003A8A00 /* Start_Ficonancci.swift */; };
		EF24F9DE2865DF5D003A8A00 /* Main.storyboard in Resources */ = {isa = PBXBuildFile; fileRef = EF24F9DC2865DF5D003A8A00 /* Main.storyboard */; };
		EF24F9E32865DF5E003A8A00 /* LaunchScreen.storyboard in Resources */ = {isa = PBXBuildFile; fileRef = EF24F9E12865DF5E003A8A00 /* LaunchScreen.storyboard */; };
		EF65BB892865E02B00767B18 /* End_Fibonancci.swift in Sources */ = {isa = PBXBuildFile; fileRef = EF65BB882865E02B00767B18 /* End_Fibonancci.swift */; };
		EFD6F4F82866EBCF000304C2 /* Assets.xcassets in Resources */ = {isa = PBXBuildFile; fileRef = EFD6F4F72866EBCF000304C2 /* Assets.xcassets */; };
/* End PBXBuildFile section */

/* Begin PBXFileReference section */
		08ADA101E1296F301D45E93D /* Pods-fibonacci_APP.debug.xcconfig */ = {isa = PBXFileReference; includeInIndex = 1; lastKnownFileType = text.xcconfig; name = "Pods-fibonacci_APP.debug.xcconfig"; path = "Target Support Files/Pods-fibonacci_APP/Pods-fibonacci_APP.debug.xcconfig"; sourceTree = "<group>"; };
		4D2BD72A19C282046BC4C51A /* Pods-fibonacci_APP.release.xcconfig */ = {isa = PBXFileReference; includeInIndex = 1; lastKnownFileType = text.xcconfig; name = "Pods-fibonacci_APP.release.xcconfig"; path = "Target Support Files/Pods-fibonacci_APP/Pods-fibonacci_APP.release.xcconfig"; sourceTree = "<group>"; };
		A3014D95E1B44916146994E8 /* Pods_fibonacci_APP.framework */ = {isa = PBXFileReference; explicitFileType = wrapper.framework; includeInIndex = 0; path = Pods_fibonacci_APP.framework; sourceTree = BUILT_PRODUCTS_DIR; };
		EF24F9D32865DF5D003A8A00 /* fibonacci_APP.app */ = {isa = PBXFileReference; explicitFileType = wrapper.application; includeInIndex = 0; path = fibonacci_APP.app; sourceTree = BUILT_PRODUCTS_DIR; };
		EF24F9D62865DF5D003A8A00 /* AppDelegate.swift */ = {isa = PBXFileReference; lastKnownFileType = sourcecode.swift; path = AppDelegate.swift; sourceTree = "<group>"; };
		EF24F9D82865DF5D003A8A00 /* SceneDelegate.swift */ = {isa = PBXFileReference; lastKnownFileType = sourcecode.swift; path = SceneDelegate.swift; sourceTree = "<group>"; };
		EF24F9DA2865DF5D003A8A00 /* Start_Ficonancci.swift */ = {isa = PBXFileReference; lastKnownFileType = sourcecode.swift; path = Start_Ficonancci.swift; sourceTree = "<group>"; };
		EF24F9DD2865DF5D003A8A00 /* Base */ = {isa = PBXFileReference; lastKnownFileType = file.storyboard; name = Base; path = Base.lproj/Main.storyboard; sourceTree = "<group>"; };
		EF24F9E22865DF5E003A8A00 /* Base */ = {isa = PBXFileReference; lastKnownFileType = file.storyboard; name = Base; path = Base.lproj/LaunchScreen.storyboard; sourceTree = "<group>"; };
		EF24F9E42865DF5E003A8A00 /* Info.plist */ = {isa = PBXFileReference; lastKnownFileType = text.plist.xml; path = Info.plist; sourceTree = "<group>"; };
		EF65BB882865E02B00767B18 /* End_Fibonancci.swift */ = {isa = PBXFileReference; lastKnownFileType = sourcecode.swift; path = End_Fibonancci.swift; sourceTree = "<group>"; };
		EFD6F4F72866EBCF000304C2 /* Assets.xcassets */ = {isa = PBXFileReference; lastKnownFileType = folder.assetcatalog; name = Assets.xcassets; path = MyLibrary/Assets.xcassets; sourceTree = SOURCE_ROOT; };
/* End PBXFileReference section */

/* Begin PBXFrameworksBuildPhase section */
		EF24F9D02865DF5D003A8A00 /* Frameworks */ = {
			isa = PBXFrameworksBuildPhase;
			buildActionMask = 2147483647;
			files = (
				21A4323683FB78111B55FD7E /* Pods_fibonacci_APP.framework in Frameworks */,
			);
			runOnlyForDeploymentPostprocessing = 0;
		};
/* End PBXFrameworksBuildPhase section */

/* Begin PBXGroup section */
		A134FF80FE023BF0E2CD6F76 /* Frameworks */ = {
			isa = PBXGroup;
			children = (
				A3014D95E1B44916146994E8 /* Pods_fibonacci_APP.framework */,
			);
			name = Frameworks;
			sourceTree = "<group>";
		};
		A82F8045D149F4B34543C6BE /* Pods */ = {
			isa = PBXGroup;
			children = (
				08ADA101E1296F301D45E93D /* Pods-fibonacci_APP.debug.xcconfig */,
				4D2BD72A19C282046BC4C51A /* Pods-fibonacci_APP.release.xcconfig */,
			);
			path = Pods;
			sourceTree = "<group>";
		};
		EF24F9CA2865DF5D003A8A00 = {
			isa = PBXGroup;
			children = (
				EF24F9D52865DF5D003A8A00 /* fibonacci_APP */,
				EF24F9D42865DF5D003A8A00 /* Products */,
				A82F8045D149F4B34543C6BE /* Pods */,
				A134FF80FE023BF0E2CD6F76 /* Frameworks */,
			);
			sourceTree = "<group>";
		};
		EF24F9D42865DF5D003A8A00 /* Products */ = {
			isa = PBXGroup;
			children = (
				EF24F9D32865DF5D003A8A00 /* fibonacci_APP.app */,
			);
			name = Products;
			sourceTree = "<group>";
		};
		EF24F9D52865DF5D003A8A00 /* fibonacci_APP */ = {
			isa = PBXGroup;
			children = (
				EF24F9D62865DF5D003A8A00 /* AppDelegate.swift */,
				EF24F9D82865DF5D003A8A00 /* SceneDelegate.swift */,
				EF24F9E12865DF5E003A8A00 /* LaunchScreen.storyboard */,
				EF24F9E42865DF5E003A8A00 /* Info.plist */,
				EF65BB872865DFD500767B18 /* Controller */,
				EF65BB852865DFAE00767B18 /* Model */,
				EF65BB862865DFB900767B18 /* View */,
			);
			path = fibonacci_APP;
			sourceTree = "<group>";
		};
		EF65BB852865DFAE00767B18 /* Model */ = {
			isa = PBXGroup;
			children = (
				EFD6F4F72866EBCF000304C2 /* Assets.xcassets */,
			);
			path = Model;
			sourceTree = "<group>";
		};
		EF65BB862865DFB900767B18 /* View */ = {
			isa = PBXGroup;
			children = (
				EF24F9DC2865DF5D003A8A00 /* Main.storyboard */,
			);
			path = View;
			sourceTree = "<group>";
		};
		EF65BB872865DFD500767B18 /* Controller */ = {
			isa = PBXGroup;
			children = (
				EF24F9DA2865DF5D003A8A00 /* Start_Ficonancci.swift */,
				EF65BB882865E02B00767B18 /* End_Fibonancci.swift */,
			);
			path = Controller;
			sourceTree = "<group>";
		};
/* End PBXGroup section */

/* Begin PBXNativeTarget section */
		EF24F9D22865DF5D003A8A00 /* fibonacci_APP */ = {
			isa = PBXNativeTarget;
			buildConfigurationList = EF24F9E72865DF5E003A8A00 /* Build configuration list for PBXNativeTarget "fibonacci_APP" */;
			buildPhases = (
				BB879F08899495F479611A1A /* [CP] Check Pods Manifest.lock */,
				EF24F9CF2865DF5D003A8A00 /* Sources */,
				EF24F9D02865DF5D003A8A00 /* Frameworks */,
				EF24F9D12865DF5D003A8A00 /* Resources */,
				B4A6796FD1CC252A1EEDF42B /* [CP] Embed Pods Frameworks */,
			);
			buildRules = (
			);
			dependencies = (
			);
			name = fibonacci_APP;
			productName = fibonacci_APP;
			productReference = EF24F9D32865DF5D003A8A00 /* fibonacci_APP.app */;
			productType = "com.apple.product-type.application";
		};
/* End PBXNativeTarget section */

/* Begin PBXProject section */
		EF24F9CB2865DF5D003A8A00 /* Project object */ = {
			isa = PBXProject;
			attributes = {
				BuildIndependentTargetsInParallel = 1;
				LastSwiftUpdateCheck = 1340;
				LastUpgradeCheck = 1340;
				TargetAttributes = {
					EF24F9D22865DF5D003A8A00 = {
						CreatedOnToolsVersion = 13.4.1;
					};
				};
			};
			buildConfigurationList = EF24F9CE2865DF5D003A8A00 /* Build configuration list for PBXProject "fibonacci_APP" */;
			compatibilityVersion = "Xcode 13.0";
			developmentRegion = en;
			hasScannedForEncodings = 0;
			knownRegions = (
				en,
				Base,
			);
			mainGroup = EF24F9CA2865DF5D003A8A00;
			productRefGroup = EF24F9D42865DF5D003A8A00 /* Products */;
			projectDirPath = "";
			projectRoot = "";
			targets = (
				EF24F9D22865DF5D003A8A00 /* fibonacci_APP */,
			);
		};
/* End PBXProject section */

/* Begin PBXResourcesBuildPhase section */
		EF24F9D12865DF5D003A8A00 /* Resources */ = {
			isa = PBXResourcesBuildPhase;
			buildActionMask = 2147483647;
			files = (
				EF24F9E32865DF5E003A8A00 /* LaunchScreen.storyboard in Resources */,
				EFD6F4F82866EBCF000304C2 /* Assets.xcassets in Resources */,
				EF24F9DE2865DF5D003A8A00 /* Main.storyboard in Resources */,
			);
			runOnlyForDeploymentPostprocessing = 0;
		};
/* End PBXResourcesBuildPhase section */

/* Begin PBXShellScriptBuildPhase section */
		B4A6796FD1CC252A1EEDF42B /* [CP] Embed Pods Frameworks */ = {
			isa = PBXShellScriptBuildPhase;
			buildActionMask = 2147483647;
			files = (
			);
			inputFileListPaths = (
				"${PODS_ROOT}/Target Support Files/Pods-fibonacci_APP/Pods-fibonacci_APP-frameworks-${CONFIGURATION}-input-files.xcfilelist",
			);
			name = "[CP] Embed Pods Frameworks";
			outputFileListPaths = (
				"${PODS_ROOT}/Target Support Files/Pods-fibonacci_APP/Pods-fibonacci_APP-frameworks-${CONFIGURATION}-output-files.xcfilelist",
			);
			runOnlyForDeploymentPostprocessing = 0;
			shellPath = /bin/sh;
			shellScript = "\"${PODS_ROOT}/Target Support Files/Pods-fibonacci_APP/Pods-fibonacci_APP-frameworks.sh\"\n";
			showEnvVarsInLog = 0;
		};
		BB879F08899495F479611A1A /* [CP] Check Pods Manifest.lock */ = {
			isa = PBXShellScriptBuildPhase;
			buildActionMask = 2147483647;
			files = (
			);
			inputFileListPaths = (
			);
			inputPaths = (
				"${PODS_PODFILE_DIR_PATH}/Podfile.lock",
				"${PODS_ROOT}/Manifest.lock",
			);
			name = "[CP] Check Pods Manifest.lock";
			outputFileListPaths = (
			);
			outputPaths = (
				"$(DERIVED_FILE_DIR)/Pods-fibonacci_APP-checkManifestLockResult.txt",
			);
			runOnlyForDeploymentPostprocessing = 0;
			shellPath = /bin/sh;
			shellScript = "diff \"${PODS_PODFILE_DIR_PATH}/Podfile.lock\" \"${PODS_ROOT}/Manifest.lock\" > /dev/null\nif [ $? != 0 ] ; then\n    # print error to STDERR\n    echo \"error: The sandbox is not in sync with the Podfile.lock. Run 'pod install' or update your CocoaPods installation.\" >&2\n    exit 1\nfi\n# This output is used by Xcode 'outputs' to avoid re-running this script phase.\necho \"SUCCESS\" > \"${SCRIPT_OUTPUT_FILE_0}\"\n";
			showEnvVarsInLog = 0;
		};
/* End PBXShellScriptBuildPhase section */

/* Begin PBXSourcesBuildPhase section */
		EF24F9CF2865DF5D003A8A00 /* Sources */ = {
			isa = PBXSourcesBuildPhase;
			buildActionMask = 2147483647;
			files = (
				EF24F9DB2865DF5D003A8A00 /* Start_Ficonancci.swift in Sources */,
				EF65BB892865E02B00767B18 /* End_Fibonancci.swift in Sources */,
				EF24F9D72865DF5D003A8A00 /* AppDelegate.swift in Sources */,
				EF24F9D92865DF5D003A8A00 /* SceneDelegate.swift in Sources */,
			);
			runOnlyForDeploymentPostprocessing = 0;
		};
/* End PBXSourcesBuildPhase section */

/* Begin PBXVariantGroup section */
		EF24F9DC2865DF5D003A8A00 /* Main.storyboard */ = {
			isa = PBXVariantGroup;
			children = (
				EF24F9DD2865DF5D003A8A00 /* Base */,
			);
			name = Main.storyboard;
			sourceTree = "<group>";
		};
		EF24F9E12865DF5E003A8A00 /* LaunchScreen.storyboard */ = {
			isa = PBXVariantGroup;
			children = (
				EF24F9E22865DF5E003A8A00 /* Base */,
			);
			name = LaunchScreen.storyboard;
			sourceTree = "<group>";
		};
/* End PBXVariantGroup section */

/* Begin XCBuildConfiguration section */
		EF24F9E52865DF5E003A8A00 /* Debug */ = {
			isa = XCBuildConfiguration;
			buildSettings = {
				ALWAYS_SEARCH_USER_PATHS = NO;
				CLANG_ANALYZER_NONNULL = YES;
				CLANG_ANALYZER_NUMBER_OBJECT_CONVERSION = YES_AGGRESSIVE;
				CLANG_CXX_LANGUAGE_STANDARD = "gnu++17";
				CLANG_ENABLE_MODULES = YES;
				CLANG_ENABLE_OBJC_ARC = YES;
				CLANG_ENABLE_OBJC_WEAK = YES;
				CLANG_WARN_BLOCK_CAPTURE_AUTORELEASING = YES;
				CLANG_WARN_BOOL_CONVERSION = YES;
				CLANG_WARN_COMMA = YES;
				CLANG_WARN_CONSTANT_CONVERSION = YES;
				CLANG_WARN_DEPRECATED_OBJC_IMPLEMENTATIONS = YES;
				CLANG_WARN_DIRECT_OBJC_ISA_USAGE = YES_ERROR;
				CLANG_WARN_DOCUMENTATION_COMMENTS = YES;
				CLANG_WARN_EMPTY_BODY = YES;
				CLANG_WARN_ENUM_CONVERSION = YES;
				CLANG_WARN_INFINITE_RECURSION = YES;
				CLANG_WARN_INT_CONVERSION = YES;
				CLANG_WARN_NON_LITERAL_NULL_CONVERSION = YES;
				CLANG_WARN_OBJC_IMPLICIT_RETAIN_SELF = YES;
				CLANG_WARN_OBJC_LITERAL_CONVERSION = YES;
				CLANG_WARN_OBJC_ROOT_CLASS = YES_ERROR;
				CLANG_WARN_QUOTED_INCLUDE_IN_FRAMEWORK_HEADER = YES;
				CLANG_WARN_RANGE_LOOP_ANALYSIS = YES;
				CLANG_WARN_STRICT_PROTOTYPES = YES;
				CLANG_WARN_SUSPICIOUS_MOVE = YES;
				CLANG_WARN_UNGUARDED_AVAILABILITY = YES_AGGRESSIVE;
				CLANG_WARN_UNREACHABLE_CODE = YES;
				CLANG_WARN__DUPLICATE_METHOD_MATCH = YES;
				COPY_PHASE_STRIP = NO;
				DEBUG_INFORMATION_FORMAT = dwarf;
				ENABLE_STRICT_OBJC_MSGSEND = YES;
				ENABLE_TESTABILITY = YES;
				GCC_C_LANGUAGE_STANDARD = gnu11;
				GCC_DYNAMIC_NO_PIC = NO;
				GCC_NO_COMMON_BLOCKS = YES;
				GCC_OPTIMIZATION_LEVEL = 0;
				GCC_PREPROCESSOR_DEFINITIONS = (
					"DEBUG=1",
					"$(inherited)",
				);
				GCC_WARN_64_TO_32_BIT_CONVERSION = YES;
				GCC_WARN_ABOUT_RETURN_TYPE = YES_ERROR;
				GCC_WARN_UNDECLARED_SELECTOR = YES;
				GCC_WARN_UNINITIALIZED_AUTOS = YES_AGGRESSIVE;
				GCC_WARN_UNUSED_FUNCTION = YES;
				GCC_WARN_UNUSED_VARIABLE = YES;
				IPHONEOS_DEPLOYMENT_TARGET = 15.5;
				MTL_ENABLE_DEBUG_INFO = INCLUDE_SOURCE;
				MTL_FAST_MATH = YES;
				ONLY_ACTIVE_ARCH = YES;
				SDKROOT = iphoneos;
				SWIFT_ACTIVE_COMPILATION_CONDITIONS = DEBUG;
				SWIFT_OPTIMIZATION_LEVEL = "-Onone";
			};
			name = Debug;
		};
		EF24F9E62865DF5E003A8A00 /* Release */ = {
			isa = XCBuildConfiguration;
			buildSettings = {
				ALWAYS_SEARCH_USER_PATHS = NO;
				CLANG_ANALYZER_NONNULL = YES;
				CLANG_ANALYZER_NUMBER_OBJECT_CONVERSION = YES_AGGRESSIVE;
				CLANG_CXX_LANGUAGE_STANDARD = "gnu++17";
				CLANG_ENABLE_MODULES = YES;
				CLANG_ENABLE_OBJC_ARC = YES;
				CLANG_ENABLE_OBJC_WEAK = YES;
				CLANG_WARN_BLOCK_CAPTURE_AUTORELEASING = YES;
				CLANG_WARN_BOOL_CONVERSION = YES;
				CLANG_WARN_COMMA = YES;
				CLANG_WARN_CONSTANT_CONVERSION = YES;
				CLANG_WARN_DEPRECATED_OBJC_IMPLEMENTATIONS = YES;
				CLANG_WARN_DIRECT_OBJC_ISA_USAGE = YES_ERROR;
				CLANG_WARN_DOCUMENTATION_COMMENTS = YES;
				CLANG_WARN_EMPTY_BODY = YES;
				CLANG_WARN_ENUM_CONVERSION = YES;
				CLANG_WARN_INFINITE_RECURSION = YES;
				CLANG_WARN_INT_CONVERSION = YES;
				CLANG_WARN_NON_LITERAL_NULL_CONVERSION = YES;
				CLANG_WARN_OBJC_IMPLICIT_RETAIN_SELF = YES;
				CLANG_WARN_OBJC_LITERAL_CONVERSION = YES;
				CLANG_WARN_OBJC_ROOT_CLASS = YES_ERROR;
				CLANG_WARN_QUOTED_INCLUDE_IN_FRAMEWORK_HEADER = YES;
				CLANG_WARN_RANGE_LOOP_ANALYSIS = YES;
				CLANG_WARN_STRICT_PROTOTYPES = YES;
				CLANG_WARN_SUSPICIOUS_MOVE = YES;
				CLANG_WARN_UNGUARDED_AVAILABILITY = YES_AGGRESSIVE;
				CLANG_WARN_UNREACHABLE_CODE = YES;
				CLANG_WARN__DUPLICATE_METHOD_MATCH = YES;
				COPY_PHASE_STRIP = NO;
				DEBUG_INFORMATION_FORMAT = "dwarf-with-dsym";
				ENABLE_NS_ASSERTIONS = NO;
				ENABLE_STRICT_OBJC_MSGSEND = YES;
				GCC_C_LANGUAGE_STANDARD = gnu11;
				GCC_NO_COMMON_BLOCKS = YES;
				GCC_WARN_64_TO_32_BIT_CONVERSION = YES;
				GCC_WARN_ABOUT_RETURN_TYPE = YES_ERROR;
				GCC_WARN_UNDECLARED_SELECTOR = YES;
				GCC_WARN_UNINITIALIZED_AUTOS = YES_AGGRESSIVE;
				GCC_WARN_UNUSED_FUNCTION = YES;
				GCC_WARN_UNUSED_VARIABLE = YES;
				IPHONEOS_DEPLOYMENT_TARGET = 15.5;
				MTL_ENABLE_DEBUG_INFO = NO;
				MTL_FAST_MATH = YES;
				SDKROOT = iphoneos;
				SWIFT_COMPILATION_MODE = wholemodule;
				SWIFT_OPTIMIZATION_LEVEL = "-O";
				VALIDATE_PRODUCT = YES;
			};
			name = Release;
		};
		EF24F9E82865DF5E003A8A00 /* Debug */ = {
			isa = XCBuildConfiguration;
			baseConfigurationReference = 08ADA101E1296F301D45E93D /* Pods-fibonacci_APP.debug.xcconfig */;
			buildSettings = {
				ASSETCATALOG_COMPILER_APPICON_NAME = AppIcon;
				ASSETCATALOG_COMPILER_GLOBAL_ACCENT_COLOR_NAME = AccentColor;
				CODE_SIGN_STYLE = Automatic;
				CURRENT_PROJECT_VERSION = 1;
				GENERATE_INFOPLIST_FILE = YES;
				INFOPLIST_FILE = fibonacci_APP/Info.plist;
				INFOPLIST_KEY_CFBundleDisplayName = FIBONACCI;
				INFOPLIST_KEY_UIApplicationSupportsIndirectInputEvents = YES;
				INFOPLIST_KEY_UILaunchStoryboardName = LaunchScreen;
				INFOPLIST_KEY_UIMainStoryboardFile = Main;
				INFOPLIST_KEY_UISupportedInterfaceOrientations_iPad = "UIInterfaceOrientationPortrait UIInterfaceOrientationPortraitUpsideDown UIInterfaceOrientationLandscapeLeft UIInterfaceOrientationLandscapeRight";
				INFOPLIST_KEY_UISupportedInterfaceOrientations_iPhone = "UIInterfaceOrientationPortrait UIInterfaceOrientationLandscapeLeft UIInterfaceOrientationLandscapeRight";
				LD_RUNPATH_SEARCH_PATHS = (
					"$(inherited)",
					"@executable_path/Frameworks",
				);
				MARKETING_VERSION = 1.0;
				PRODUCT_BUNDLE_IDENTIFIER = "trongnhaniot.fibonacci-APP";
				PRODUCT_NAME = "$(TARGET_NAME)";
				SWIFT_EMIT_LOC_STRINGS = YES;
				SWIFT_VERSION = 5.0;
				TARGETED_DEVICE_FAMILY = "1,2";
			};
			name = Debug;
		};
		EF24F9E92865DF5E003A8A00 /* Release */ = {
			isa = XCBuildConfiguration;
			baseConfigurationReference = 4D2BD72A19C282046BC4C51A /* Pods-fibonacci_APP.release.xcconfig */;
			buildSettings = {
				ASSETCATALOG_COMPILER_APPICON_NAME = AppIcon;
				ASSETCATALOG_COMPILER_GLOBAL_ACCENT_COLOR_NAME = AccentColor;
				CODE_SIGN_STYLE = Automatic;
				CURRENT_PROJECT_VERSION = 1;
				GENERATE_INFOPLIST_FILE = YES;
				INFOPLIST_FILE = fibonacci_APP/Info.plist;
				INFOPLIST_KEY_CFBundleDisplayName = FIBONACCI;
				INFOPLIST_KEY_UIApplicationSupportsIndirectInputEvents = YES;
				INFOPLIST_KEY_UILaunchStoryboardName = LaunchScreen;
				INFOPLIST_KEY_UIMainStoryboardFile = Main;
				INFOPLIST_KEY_UISupportedInterfaceOrientations_iPad = "UIInterfaceOrientationPortrait UIInterfaceOrientationPortraitUpsideDown UIInterfaceOrientationLandscapeLeft UIInterfaceOrientationLandscapeRight";
				INFOPLIST_KEY_UISupportedInterfaceOrientations_iPhone = "UIInterfaceOrientationPortrait UIInterfaceOrientationLandscapeLeft UIInterfaceOrientationLandscapeRight";
				LD_RUNPATH_SEARCH_PATHS = (
					"$(inherited)",
					"@executable_path/Frameworks",
				);
				MARKETING_VERSION = 1.0;
				PRODUCT_BUNDLE_IDENTIFIER = "trongnhaniot.fibonacci-APP";
				PRODUCT_NAME = "$(TARGET_NAME)";
				SWIFT_EMIT_LOC_STRINGS = YES;
				SWIFT_VERSION = 5.0;
				TARGETED_DEVICE_FAMILY = "1,2";
			};
			name = Release;
		};
/* End XCBuildConfiguration section */

/* Begin XCConfigurationList section */
		EF24F9CE2865DF5D003A8A00 /* Build configuration list for PBXProject "fibonacci_APP" */ = {
			isa = XCConfigurationList;
			buildConfigurations = (
				EF24F9E52865DF5E003A8A00 /* Debug */,
				EF24F9E62865DF5E003A8A00 /* Release */,
			);
			defaultConfigurationIsVisible = 0;
			defaultConfigurationName = Release;
		};
		EF24F9E72865DF5E003A8A00 /* Build configuration list for PBXNativeTarget "fibonacci_APP" */ = {
			isa = XCConfigurationList;
			buildConfigurations = (
				EF24F9E82865DF5E003A8A00 /* Debug */,
				EF24F9E92865DF5E003A8A00 /* Release */,
			);
			defaultConfigurationIsVisible = 0;
			defaultConfigurationName = Release;
		};
/* End XCConfigurationList section */
	};
	rootObject = EF24F9CB2865DF5D003A8A00 /* Project object */;
}
